{
    "_readme": [
        "This file locks the dependencies of your project to a known state",
        "Read more about it at https://getcomposer.org/doc/01-basic-usage.md#composer-lock-the-lock-file",
        "This file is @generated automatically"
    ],
    "content-hash": "2c3e75d8ce66926d153060cee45a30fe",
    "packages": [
        {
            "name": "jbzoo/data",
            "version": "1.5.0",
            "source": {
                "type": "git",
                "url": "https://github.com/JBZoo/Data.git",
                "reference": "fd9e8c29b3cc98358e1f149ff6300b23f57b2c5d"
            },
            "dist": {
                "type": "zip",
                "url": "https://api.github.com/repos/JBZoo/Data/zipball/fd9e8c29b3cc98358e1f149ff6300b23f57b2c5d",
                "reference": "fd9e8c29b3cc98358e1f149ff6300b23f57b2c5d",
                "shasum": ""
            },
            "require": {
                "jbzoo/utils": "^1.4.2",
                "php": ">=5.3"
            },
            "require-dev": {
                "jbzoo/phpunit": "^1.10",
                "jbzoo/profiler": "^1.0",
                "symfony/yaml": "^2.8|^3.0"
            },
            "suggest": {
                "symfony/yaml": "^2.8|^3.0"
            },
            "type": "library",
            "extra": {
                "branch-alias": {
                    "dev-master": "1.x-dev"
                }
            },
            "autoload": {
                "psr-4": {
                    "JBZoo\\Data\\": "src"
                }
            },
            "notification-url": "https://packagist.org/downloads/",
            "license": [
                "MIT"
            ],
            "authors": [
                {
                    "name": "SmetDenis",
                    "email": "denis@jbzoo.com",
                    "role": "lead"
                }
            ],
            "description": "Extended implementation of ArrayObject",
            "keywords": [
                "array",
                "arrayobject",
                "config",
                "data",
                "ini",
                "json",
                "params",
                "yml"
            ],
            "time": "2016-08-06T13:35:10+00:00"
        },
        {
            "name": "jbzoo/utils",
            "version": "1.7.9",
            "source": {
                "type": "git",
                "url": "https://github.com/JBZoo/Utils.git",
                "reference": "e7ee5a5042fa363dfa6f0ec01ffd1348e369b591"
            },
            "dist": {
                "type": "zip",
                "url": "https://api.github.com/repos/JBZoo/Utils/zipball/e7ee5a5042fa363dfa6f0ec01ffd1348e369b591",
                "reference": "e7ee5a5042fa363dfa6f0ec01ffd1348e369b591",
                "shasum": ""
            },
            "require": {
                "jbzoo/data": "^1.0",
                "php": ">=5.3.10"
            },
            "require-dev": {
                "jbzoo/phpunit": "^1.6|1.x-dev",
                "jbzoo/profiler": "^1.0",
                "symfony/polyfill-mbstring": "^1.2",
                "symfony/process": "^2.8|^3.1"
            },
            "suggest": {
                "ext-mbstring": "Provides multibyte specific string functions",
                "symfony/polyfill-mbstring": "For UTF-8 if ext-mbstring disabled",
                "symfony/process": "For Cli::exec() method only"
            },
            "type": "library",
            "extra": {
                "branch-alias": {
                    "dev-master": "1.x-dev"
                }
            },
            "autoload": {
                "files": [
                    "src/defines.php"
                ],
                "psr-4": {
                    "JBZoo\\Utils\\": "src"
                }
            },
            "notification-url": "https://packagist.org/downloads/",
            "license": [
                "MIT"
            ],
            "authors": [
                {
                    "name": "Brandon Wamboldt",
                    "email": "brandon.wamboldt@gmail.com"
                },
                {
                    "name": "SmetDenis",
                    "email": "denis@jbzoo.com",
                    "role": "lead"
                },
                {
                    "name": "Luís Nóbrega",
                    "email": "luis.barros.nobrega@gmail.com"
                }
            ],
            "description": "A collection of useful PHP functions, mini classes and snippets that you need every day.",
            "keywords": [
                "array",
                "cli",
                "collection",
                "command line",
                "dates",
                "email",
                "env",
                "environment",
                "filesystem",
                "filter",
                "helper",
                "helpers",
                "http",
                "image",
                "mbstring",
                "misc",
                "serialize",
                "slugify",
                "string",
                "timer",
                "url",
                "utility",
                "utils"
            ],
            "time": "2016-08-14T06:19:57+00:00"
        },
        {
            "name": "kzykhys/git",
            "version": "v0.1.2",
            "source": {
                "type": "git",
                "url": "https://github.com/kzykhys/PHPGit.git",
                "reference": "3c4db987494c38eac300593719a4a7832abddadd"
            },
            "dist": {
                "type": "zip",
                "url": "https://api.github.com/repos/kzykhys/PHPGit/zipball/3c4db987494c38eac300593719a4a7832abddadd",
                "reference": "3c4db987494c38eac300593719a4a7832abddadd",
                "shasum": ""
            },
            "require": {
                "php": ">=5.3.2",
                "symfony/options-resolver": ">=2.3",
                "symfony/process": ">=2.3"
            },
            "require-dev": {
                "symfony/filesystem": ">=2.3"
            },
            "type": "library",
            "extra": {
                "branch-alias": {
                    "dev-master": "1.0.x-dev"
                }
            },
            "autoload": {
                "psr-0": {
                    "": "src"
                }
            },
            "notification-url": "https://packagist.org/downloads/",
            "license": [
                "MIT"
            ],
            "authors": [
                {
                    "name": "Kazuyuki Hayashi",
                    "email": "hayashi@valnur.net"
                }
            ],
            "description": "A Git wrapper for PHP5.3+",
            "time": "2014-02-15T06:18:00+00:00"
        },
        {
            "name": "psr/log",
            "version": "1.0.2",
            "source": {
                "type": "git",
                "url": "https://github.com/php-fig/log.git",
                "reference": "4ebe3a8bf773a19edfe0a84b6585ba3d401b724d"
            },
            "dist": {
                "type": "zip",
                "url": "https://api.github.com/repos/php-fig/log/zipball/4ebe3a8bf773a19edfe0a84b6585ba3d401b724d",
                "reference": "4ebe3a8bf773a19edfe0a84b6585ba3d401b724d",
                "shasum": ""
            },
            "require": {
                "php": ">=5.3.0"
            },
            "type": "library",
            "extra": {
                "branch-alias": {
                    "dev-master": "1.0.x-dev"
                }
            },
            "autoload": {
                "psr-4": {
                    "Psr\\Log\\": "Psr/Log/"
                }
            },
            "notification-url": "https://packagist.org/downloads/",
            "license": [
                "MIT"
            ],
            "authors": [
                {
                    "name": "PHP-FIG",
                    "homepage": "http://www.php-fig.org/"
                }
            ],
            "description": "Common interface for logging libraries",
            "homepage": "https://github.com/php-fig/log",
            "keywords": [
                "log",
                "psr",
                "psr-3"
            ],
            "time": "2016-10-10T12:19:37+00:00"
        },
        {
            "name": "symfony/console",
            "version": "v3.3.2",
            "source": {
                "type": "git",
                "url": "https://github.com/symfony/console.git",
                "reference": "70d2a29b2911cbdc91a7e268046c395278238b2e"
            },
            "dist": {
                "type": "zip",
                "url": "https://api.github.com/repos/symfony/console/zipball/70d2a29b2911cbdc91a7e268046c395278238b2e",
                "reference": "70d2a29b2911cbdc91a7e268046c395278238b2e",
                "shasum": ""
            },
            "require": {
                "php": ">=5.5.9",
                "symfony/debug": "~2.8|~3.0",
                "symfony/polyfill-mbstring": "~1.0"
            },
            "conflict": {
                "symfony/dependency-injection": "<3.3"
            },
            "require-dev": {
                "psr/log": "~1.0",
                "symfony/config": "~3.3",
                "symfony/dependency-injection": "~3.3",
                "symfony/event-dispatcher": "~2.8|~3.0",
                "symfony/filesystem": "~2.8|~3.0",
                "symfony/http-kernel": "~2.8|~3.0",
                "symfony/process": "~2.8|~3.0"
            },
            "suggest": {
                "psr/log": "For using the console logger",
                "symfony/event-dispatcher": "",
                "symfony/filesystem": "",
                "symfony/process": ""
            },
            "type": "library",
            "extra": {
                "branch-alias": {
                    "dev-master": "3.3-dev"
                }
            },
            "autoload": {
                "psr-4": {
                    "Symfony\\Component\\Console\\": ""
                },
                "exclude-from-classmap": [
                    "/Tests/"
                ]
            },
            "notification-url": "https://packagist.org/downloads/",
            "license": [
                "MIT"
            ],
            "authors": [
                {
                    "name": "Fabien Potencier",
                    "email": "fabien@symfony.com"
                },
                {
                    "name": "Symfony Community",
                    "homepage": "https://symfony.com/contributors"
                }
            ],
            "description": "Symfony Console Component",
            "homepage": "https://symfony.com",
            "time": "2017-06-02T19:24:58+00:00"
        },
        {
            "name": "symfony/debug",
            "version": "v3.3.2",
            "source": {
                "type": "git",
                "url": "https://github.com/symfony/debug.git",
                "reference": "e9c50482841ef696e8fa1470d950a79c8921f45d"
            },
            "dist": {
                "type": "zip",
                "url": "https://api.github.com/repos/symfony/debug/zipball/e9c50482841ef696e8fa1470d950a79c8921f45d",
                "reference": "e9c50482841ef696e8fa1470d950a79c8921f45d",
                "shasum": ""
            },
            "require": {
                "php": ">=5.5.9",
                "psr/log": "~1.0"
            },
            "conflict": {
                "symfony/http-kernel": ">=2.3,<2.3.24|~2.4.0|>=2.5,<2.5.9|>=2.6,<2.6.2"
            },
            "require-dev": {
                "symfony/http-kernel": "~2.8|~3.0"
            },
            "type": "library",
            "extra": {
                "branch-alias": {
                    "dev-master": "3.3-dev"
                }
            },
            "autoload": {
                "psr-4": {
                    "Symfony\\Component\\Debug\\": ""
                },
                "exclude-from-classmap": [
                    "/Tests/"
                ]
            },
            "notification-url": "https://packagist.org/downloads/",
            "license": [
                "MIT"
            ],
            "authors": [
                {
                    "name": "Fabien Potencier",
                    "email": "fabien@symfony.com"
                },
                {
                    "name": "Symfony Community",
                    "homepage": "https://symfony.com/contributors"
                }
            ],
            "description": "Symfony Debug Component",
            "homepage": "https://symfony.com",
            "time": "2017-06-01T21:01:25+00:00"
        },
        {
            "name": "symfony/filesystem",
            "version": "v2.8.22",
            "source": {
                "type": "git",
                "url": "https://github.com/symfony/filesystem.git",
                "reference": "19c11158da8d110cc5289c063bf2ec4cc1ce9e7c"
            },
            "dist": {
                "type": "zip",
                "url": "https://api.github.com/repos/symfony/filesystem/zipball/19c11158da8d110cc5289c063bf2ec4cc1ce9e7c",
                "reference": "19c11158da8d110cc5289c063bf2ec4cc1ce9e7c",
                "shasum": ""
            },
            "require": {
                "php": ">=5.3.9"
            },
            "type": "library",
            "extra": {
                "branch-alias": {
                    "dev-master": "2.8-dev"
                }
            },
            "autoload": {
                "psr-4": {
                    "Symfony\\Component\\Filesystem\\": ""
                },
                "exclude-from-classmap": [
                    "/Tests/"
                ]
            },
            "notification-url": "https://packagist.org/downloads/",
            "license": [
                "MIT"
            ],
            "authors": [
                {
                    "name": "Fabien Potencier",
                    "email": "fabien@symfony.com"
                },
                {
                    "name": "Symfony Community",
                    "homepage": "https://symfony.com/contributors"
                }
            ],
            "description": "Symfony Filesystem Component",
            "homepage": "https://symfony.com",
            "time": "2017-05-28T14:07:33+00:00"
        },
        {
            "name": "symfony/finder",
            "version": "v3.3.2",
            "source": {
                "type": "git",
                "url": "https://github.com/symfony/finder.git",
                "reference": "baea7f66d30854ad32988c11a09d7ffd485810c4"
            },
            "dist": {
                "type": "zip",
                "url": "https://api.github.com/repos/symfony/finder/zipball/baea7f66d30854ad32988c11a09d7ffd485810c4",
                "reference": "baea7f66d30854ad32988c11a09d7ffd485810c4",
                "shasum": ""
            },
            "require": {
                "php": ">=5.5.9"
            },
            "type": "library",
            "extra": {
                "branch-alias": {
                    "dev-master": "3.3-dev"
                }
            },
            "autoload": {
                "psr-4": {
                    "Symfony\\Component\\Finder\\": ""
                },
                "exclude-from-classmap": [
                    "/Tests/"
                ]
            },
            "notification-url": "https://packagist.org/downloads/",
            "license": [
                "MIT"
            ],
            "authors": [
                {
                    "name": "Fabien Potencier",
                    "email": "fabien@symfony.com"
                },
                {
                    "name": "Symfony Community",
                    "homepage": "https://symfony.com/contributors"
                }
            ],
            "description": "Symfony Finder Component",
            "homepage": "https://symfony.com",
            "time": "2017-06-01T21:01:25+00:00"
        },
        {
            "name": "symfony/options-resolver",
            "version": "v2.8.22",
            "source": {
                "type": "git",
                "url": "https://github.com/symfony/options-resolver.git",
                "reference": "55bf349a3395afad81a369d57b3b99c373fbbdf5"
            },
            "dist": {
                "type": "zip",
                "url": "https://api.github.com/repos/symfony/options-resolver/zipball/55bf349a3395afad81a369d57b3b99c373fbbdf5",
                "reference": "55bf349a3395afad81a369d57b3b99c373fbbdf5",
                "shasum": ""
            },
            "require": {
                "php": ">=5.3.9"
            },
            "type": "library",
            "extra": {
                "branch-alias": {
                    "dev-master": "2.8-dev"
                }
            },
            "autoload": {
                "psr-4": {
                    "Symfony\\Component\\OptionsResolver\\": ""
                },
                "exclude-from-classmap": [
                    "/Tests/"
                ]
            },
            "notification-url": "https://packagist.org/downloads/",
            "license": [
                "MIT"
            ],
            "authors": [
                {
                    "name": "Fabien Potencier",
                    "email": "fabien@symfony.com"
                },
                {
                    "name": "Symfony Community",
                    "homepage": "https://symfony.com/contributors"
                }
            ],
            "description": "Symfony OptionsResolver Component",
            "homepage": "https://symfony.com",
            "keywords": [
                "config",
                "configuration",
                "options"
            ],
            "time": "2017-04-12T14:07:15+00:00"
        },
        {
            "name": "symfony/polyfill-mbstring",
            "version": "v1.4.0",
            "source": {
                "type": "git",
                "url": "https://github.com/symfony/polyfill-mbstring.git",
                "reference": "f29dca382a6485c3cbe6379f0c61230167681937"
            },
            "dist": {
                "type": "zip",
                "url": "https://api.github.com/repos/symfony/polyfill-mbstring/zipball/f29dca382a6485c3cbe6379f0c61230167681937",
                "reference": "f29dca382a6485c3cbe6379f0c61230167681937",
                "shasum": ""
            },
            "require": {
                "php": ">=5.3.3"
            },
            "suggest": {
                "ext-mbstring": "For best performance"
            },
            "type": "library",
            "extra": {
                "branch-alias": {
                    "dev-master": "1.4-dev"
                }
            },
            "autoload": {
                "psr-4": {
                    "Symfony\\Polyfill\\Mbstring\\": ""
                },
                "files": [
                    "bootstrap.php"
                ]
            },
            "notification-url": "https://packagist.org/downloads/",
            "license": [
                "MIT"
            ],
            "authors": [
                {
                    "name": "Nicolas Grekas",
                    "email": "p@tchwork.com"
                },
                {
                    "name": "Symfony Community",
                    "homepage": "https://symfony.com/contributors"
                }
            ],
            "description": "Symfony polyfill for the Mbstring extension",
            "homepage": "https://symfony.com",
            "keywords": [
                "compatibility",
                "mbstring",
                "polyfill",
                "portable",
                "shim"
            ],
            "time": "2017-06-09T14:24:12+00:00"
        },
        {
            "name": "symfony/process",
            "version": "v2.8.22",
            "source": {
                "type": "git",
                "url": "https://github.com/symfony/process.git",
                "reference": "d54232f5682fda2f8bbebff7c81b864646867ab9"
            },
            "dist": {
                "type": "zip",
                "url": "https://api.github.com/repos/symfony/process/zipball/d54232f5682fda2f8bbebff7c81b864646867ab9",
                "reference": "d54232f5682fda2f8bbebff7c81b864646867ab9",
                "shasum": ""
            },
            "require": {
                "php": ">=5.3.9"
            },
            "type": "library",
            "extra": {
                "branch-alias": {
                    "dev-master": "2.8-dev"
                }
            },
            "autoload": {
                "psr-4": {
                    "Symfony\\Component\\Process\\": ""
                },
                "exclude-from-classmap": [
                    "/Tests/"
                ]
            },
            "notification-url": "https://packagist.org/downloads/",
            "license": [
                "MIT"
            ],
            "authors": [
                {
                    "name": "Fabien Potencier",
                    "email": "fabien@symfony.com"
                },
                {
                    "name": "Symfony Community",
                    "homepage": "https://symfony.com/contributors"
                }
            ],
            "description": "Symfony Process Component",
            "homepage": "https://symfony.com",
            "time": "2017-05-08T01:19:21+00:00"
        },
        {
            "name": "symfony/var-dumper",
            "version": "v3.3.2",
            "source": {
                "type": "git",
                "url": "https://github.com/symfony/var-dumper.git",
                "reference": "347c4247a3e40018810b476fcd5dec36d46d08dc"
            },
            "dist": {
                "type": "zip",
                "url": "https://api.github.com/repos/symfony/var-dumper/zipball/347c4247a3e40018810b476fcd5dec36d46d08dc",
                "reference": "347c4247a3e40018810b476fcd5dec36d46d08dc",
                "shasum": ""
            },
            "require": {
                "php": ">=5.5.9",
                "symfony/polyfill-mbstring": "~1.0"
            },
            "conflict": {
                "phpunit/phpunit": "<4.8.35|<5.4.3,>=5.0"
            },
            "require-dev": {
                "ext-iconv": "*",
                "twig/twig": "~1.34|~2.4"
            },
            "suggest": {
                "ext-iconv": "To convert non-UTF-8 strings to UTF-8 (or symfony/polyfill-iconv in case ext-iconv cannot be used).",
                "ext-symfony_debug": ""
            },
            "type": "library",
            "extra": {
                "branch-alias": {
                    "dev-master": "3.3-dev"
                }
            },
            "autoload": {
                "files": [
                    "Resources/functions/dump.php"
                ],
                "psr-4": {
                    "Symfony\\Component\\VarDumper\\": ""
                },
                "exclude-from-classmap": [
                    "/Tests/"
                ]
            },
            "notification-url": "https://packagist.org/downloads/",
            "license": [
                "MIT"
            ],
            "authors": [
                {
                    "name": "Nicolas Grekas",
                    "email": "p@tchwork.com"
                },
                {
                    "name": "Symfony Community",
                    "homepage": "https://symfony.com/contributors"
                }
            ],
            "description": "Symfony mechanism for exploring and dumping PHP variables",
            "homepage": "https://symfony.com",
            "keywords": [
                "debug",
                "dump"
            ],
            "time": "2017-06-02T09:10:29+00:00"
        }
    ],
    "packages-dev": [],
    "aliases": [],
    "minimum-stability": "dev",
    "stability-flags": [],
    "prefer-stable": true,
    "prefer-lowest": false,
    "platform": {
        "php": "~5.6|~7.0"
    },
    "platform-dev": []
}
